// !$*UTF8*$!
{
	archiveVersion = 1;
	classes = {
	};
	objectVersion = 46;
	objects = {

/* Begin PBXBuildFile section */
		DE265DE31C565C0E000DDF58 /* main.m in Sources */ = {isa = PBXBuildFile; fileRef = DE265DE21C565C0E000DDF58 /* main.m */; };
		DE265DE61C565C0E000DDF58 /* AppDelegate.m in Sources */ = {isa = PBXBuildFile; fileRef = DE265DE51C565C0E000DDF58 /* AppDelegate.m */; };
		DE265DE91C565C0E000DDF58 /* ViewController.m in Sources */ = {isa = PBXBuildFile; fileRef = DE265DE81C565C0E000DDF58 /* ViewController.m */; };
		DE265DEE1C565C0E000DDF58 /* Assets.xcassets in Resources */ = {isa = PBXBuildFile; fileRef = DE265DED1C565C0E000DDF58 /* Assets.xcassets */; };
		DE265DF11C565C0E000DDF58 /* LaunchScreen.storyboard in Resources */ = {isa = PBXBuildFile; fileRef = DE265DEF1C565C0E000DDF58 /* LaunchScreen.storyboard */; };
		DE265DFC1C565C0E000DDF58 /* TalkToSelfTests.m in Sources */ = {isa = PBXBuildFile; fileRef = DE265DFB1C565C0E000DDF58 /* TalkToSelfTests.m */; };
		DE265E071C565C0E000DDF58 /* TalkToSelfUITests.m in Sources */ = {isa = PBXBuildFile; fileRef = DE265E061C565C0E000DDF58 /* TalkToSelfUITests.m */; };
		DE265E201C56659B000DDF58 /* NSDate+Utils.m in Sources */ = {isa = PBXBuildFile; fileRef = DE265E1F1C56659B000DDF58 /* NSDate+Utils.m */; };
		DE3CFC361C9064B5006EC12A /* kiss.png in Resources */ = {isa = PBXBuildFile; fileRef = DE3CFC351C9064B5006EC12A /* kiss.png */; };
		DE46C2551CAA5C2E007F1EF0 /* MyPasswordRetrieveController.m in Sources */ = {isa = PBXBuildFile; fileRef = DE46C2541CAA5C2E007F1EF0 /* MyPasswordRetrieveController.m */; };
		DE47DFBA1CC0C9A2004147A4 /* ZYSpreadButton.m in Sources */ = {isa = PBXBuildFile; fileRef = DE47DFB71CC0C9A2004147A4 /* ZYSpreadButton.m */; };
		DE47DFBB1CC0C9A2004147A4 /* ZYSpreadSubButton.m in Sources */ = {isa = PBXBuildFile; fileRef = DE47DFB91CC0C9A2004147A4 /* ZYSpreadSubButton.m */; };
		DE47DFBE1CC0CAA9004147A4 /* powerButton.png in Resources */ = {isa = PBXBuildFile; fileRef = DE47DFBD1CC0CAA9004147A4 /* powerButton.png */; };
		DE4832231C74181200FE8E33 /* MyRecordProgressView.m in Sources */ = {isa = PBXBuildFile; fileRef = DE4832221C74181200FE8E33 /* MyRecordProgressView.m */; };
		DE48FC5F1C575E1900ACFE98 /* MyTableViewCell.m in Sources */ = {isa = PBXBuildFile; fileRef = DE48FC5E1C575E1900ACFE98 /* MyTableViewCell.m */; };
		DE49C8C81CABA0910025FFCA /* MyTargetEditorController.m in Sources */ = {isa = PBXBuildFile; fileRef = DE49C8C71CABA0910025FFCA /* MyTargetEditorController.m */; };
		DE4D15441C5897F700388DA7 /* MyAVAudioPlayer.m in Sources */ = {isa = PBXBuildFile; fileRef = DE4D15431C5897F700388DA7 /* MyAVAudioPlayer.m */; };
		DE4E018E1CF03596001D72EB /* targetDefault.png in Resources */ = {isa = PBXBuildFile; fileRef = DE4E018D1CF03596001D72EB /* targetDefault.png */; };
		DE4F39261C92AA000064D610 /* MyUserInformationEditor.m in Sources */ = {isa = PBXBuildFile; fileRef = DE4F39251C92AA000064D610 /* MyUserInformationEditor.m */; };
		DE4F96B11C89325F00C6C640 /* MyUserManager.m in Sources */ = {isa = PBXBuildFile; fileRef = DE4F96B01C89325F00C6C640 /* MyUserManager.m */; };
		DE4F96BF1C895B8700C6C640 /* FMDatabase.m in Sources */ = {isa = PBXBuildFile; fileRef = DE4F96B51C895B8700C6C640 /* FMDatabase.m */; };
		DE4F96C01C895B8700C6C640 /* FMDatabaseAdditions.m in Sources */ = {isa = PBXBuildFile; fileRef = DE4F96B71C895B8700C6C640 /* FMDatabaseAdditions.m */; };
		DE4F96C11C895B8700C6C640 /* FMDatabasePool.m in Sources */ = {isa = PBXBuildFile; fileRef = DE4F96B91C895B8700C6C640 /* FMDatabasePool.m */; };
		DE4F96C21C895B8700C6C640 /* FMDatabaseQueue.m in Sources */ = {isa = PBXBuildFile; fileRef = DE4F96BB1C895B8700C6C640 /* FMDatabaseQueue.m */; };
		DE4F96C31C895B8700C6C640 /* FMResultSet.m in Sources */ = {isa = PBXBuildFile; fileRef = DE4F96BE1C895B8700C6C640 /* FMResultSet.m */; };
		DE4F96CC1C89601C00C6C640 /* libsqlite3.dylib in Frameworks */ = {isa = PBXBuildFile; fileRef = DE4F96CB1C89601C00C6C640 /* libsqlite3.dylib */; };
		DE50D5801CB38A8F00372BD3 /* MyCollectionViewLayout.m in Sources */ = {isa = PBXBuildFile; fileRef = DE50D57F1CB38A8F00372BD3 /* MyCollectionViewLayout.m */; };
		DE50D5841CB3933100372BD3 /* MyCollectionViewCell.m in Sources */ = {isa = PBXBuildFile; fileRef = DE50D5821CB3933100372BD3 /* MyCollectionViewCell.m */; };
		DE50D5851CB3933100372BD3 /* MyCollectionViewCell.xib in Resources */ = {isa = PBXBuildFile; fileRef = DE50D5831CB3933100372BD3 /* MyCollectionViewCell.xib */; };
		DE50D5881CB3948500372BD3 /* MyCollectionViewController.m in Sources */ = {isa = PBXBuildFile; fileRef = DE50D5871CB3948500372BD3 /* MyCollectionViewController.m */; };
		DE528E551C8037370016198C /* MyViewController.m in Sources */ = {isa = PBXBuildFile; fileRef = DE528E531C8037370016198C /* MyViewController.m */; };
		DE528E561C8037370016198C /* MyViewController.xib in Resources */ = {isa = PBXBuildFile; fileRef = DE528E541C8037370016198C /* MyViewController.xib */; };
		DE52E8AF1CD098B000ADBAB9 /* MyInitTargetEditorController.m in Sources */ = {isa = PBXBuildFile; fileRef = DE52E8AE1CD098B000ADBAB9 /* MyInitTargetEditorController.m */; };
		DE55B5071C5C4DFE00742895 /* libmp3lame.a in Frameworks */ = {isa = PBXBuildFile; fileRef = DE55B5041C5C4DFE00742895 /* libmp3lame.a */; };
		DE55B5081C5C4DFE00742895 /* Mp3Recorder.m in Sources */ = {isa = PBXBuildFile; fileRef = DE55B5061C5C4DFE00742895 /* Mp3Recorder.m */; };
		DE59449B1CDB37DA007E1B53 /* userDefault.png in Resources */ = {isa = PBXBuildFile; fileRef = DE5944991CDB37DA007E1B53 /* userDefault.png */; };
		DE5AC6661CC8B550007CB1DE /* MyBounceView.m in Sources */ = {isa = PBXBuildFile; fileRef = DE5AC6651CC8B550007CB1DE /* MyBounceView.m */; };
		DE5AE34D1C7D7AFD009642AF /* clockPanelNew.png in Resources */ = {isa = PBXBuildFile; fileRef = DE5AE34C1C7D7AFD009642AF /* clockPanelNew.png */; };
		DE5B66401C5B3690007A7223 /* MyInputView.m in Sources */ = {isa = PBXBuildFile; fileRef = DE5B663F1C5B3690007A7223 /* MyInputView.m */; };
		DE6128471C817D6A00D76941 /* chat_animation1.png in Resources */ = {isa = PBXBuildFile; fileRef = DE6128371C817D6A00D76941 /* chat_animation1.png */; };
		DE6128481C817D6A00D76941 /* chat_animation2.png in Resources */ = {isa = PBXBuildFile; fileRef = DE6128381C817D6A00D76941 /* chat_animation2.png */; };
		DE6128491C817D6A00D76941 /* chat_animation3.png in Resources */ = {isa = PBXBuildFile; fileRef = DE6128391C817D6A00D76941 /* chat_animation3.png */; };
		DE61284A1C817D6A00D76941 /* chat_animation_white1.png in Resources */ = {isa = PBXBuildFile; fileRef = DE61283A1C817D6A00D76941 /* chat_animation_white1.png */; };
		DE61284B1C817D6A00D76941 /* chat_animation_white2.png in Resources */ = {isa = PBXBuildFile; fileRef = DE61283B1C817D6A00D76941 /* chat_animation_white2.png */; };
		DE61284C1C817D6A00D76941 /* chat_animation_white3.png in Resources */ = {isa = PBXBuildFile; fileRef = DE61283C1C817D6A00D76941 /* chat_animation_white3.png */; };
		DE61284D1C817D6A00D76941 /* chat_ipunt_message.png in Resources */ = {isa = PBXBuildFile; fileRef = DE61283D1C817D6A00D76941 /* chat_ipunt_message.png */; };
		DE61284E1C817D6A00D76941 /* chat_message_back.png in Resources */ = {isa = PBXBuildFile; fileRef = DE61283E1C817D6A00D76941 /* chat_message_back.png */; };
		DE6128501C817D6A00D76941 /* chat_send_message.png in Resources */ = {isa = PBXBuildFile; fileRef = DE6128401C817D6A00D76941 /* chat_send_message.png */; };
		DE6128511C817D6A00D76941 /* Chat_take_picture.png in Resources */ = {isa = PBXBuildFile; fileRef = DE6128411C817D6A00D76941 /* Chat_take_picture.png */; };
		DE6128521C817D6A00D76941 /* chat_voice_record.png in Resources */ = {isa = PBXBuildFile; fileRef = DE6128421C817D6A00D76941 /* chat_voice_record.png */; };
		DE6128531C817D6A00D76941 /* chatfrom_bg_normal.png in Resources */ = {isa = PBXBuildFile; fileRef = DE6128431C817D6A00D76941 /* chatfrom_bg_normal.png */; };
		DE6128551C817D6A00D76941 /* chatto_bg_normal.png in Resources */ = {isa = PBXBuildFile; fileRef = DE6128451C817D6A00D76941 /* chatto_bg_normal.png */; };
		DE62162D1C856D1500DBCE2A /* MyDataSourcemanager.m in Sources */ = {isa = PBXBuildFile; fileRef = DE62162C1C856D1500DBCE2A /* MyDataSourcemanager.m */; };
		DE645FE71CE0CBDE00FD3262 /* Main.storyboard in Resources */ = {isa = PBXBuildFile; fileRef = DE265DEA1C565C0E000DDF58 /* Main.storyboard */; };
		DE77ADE01CA3BF9800283660 /* MySecretManager.m in Sources */ = {isa = PBXBuildFile; fileRef = DE77ADDF1CA3BF9800283660 /* MySecretManager.m */; };
		DE77ADE21CA3BFAD00283660 /* Security.framework in Frameworks */ = {isa = PBXBuildFile; fileRef = DE77ADE11CA3BFAD00283660 /* Security.framework */; };
		DE77ADE51CA3C0BA00283660 /* MyKeyChainService.m in Sources */ = {isa = PBXBuildFile; fileRef = DE77ADE41CA3C0BA00283660 /* MyKeyChainService.m */; };
		DE7AE9FD1CC74EA400B58665 /* MyNumSlider.m in Sources */ = {isa = PBXBuildFile; fileRef = DE7AE9FC1CC74EA400B58665 /* MyNumSlider.m */; };
		DE7AEA001CC75D6300B58665 /* MyStatisticsController.m in Sources */ = {isa = PBXBuildFile; fileRef = DE7AE9FF1CC75D6300B58665 /* MyStatisticsController.m */; };
		DE7D8DD81CDC7C7A003A6E0F /* MyMessage.m in Sources */ = {isa = PBXBuildFile; fileRef = DE7D8DD71CDC7C7A003A6E0F /* MyMessage.m */; };
		DE7D8DDB1CDC7CDE003A6E0F /* MyCellFrame.m in Sources */ = {isa = PBXBuildFile; fileRef = DE7D8DDA1CDC7CDE003A6E0F /* MyCellFrame.m */; };
		DE7D8DDE1CDC7DA1003A6E0F /* MyMessageButton.m in Sources */ = {isa = PBXBuildFile; fileRef = DE7D8DDD1CDC7DA1003A6E0F /* MyMessageButton.m */; };
		DE9409DC1CDAE386003366BC /* btn1.png in Resources */ = {isa = PBXBuildFile; fileRef = DE9409D81CDAE386003366BC /* btn1.png */; };
		DE9409DD1CDAE386003366BC /* btn2.png in Resources */ = {isa = PBXBuildFile; fileRef = DE9409D91CDAE386003366BC /* btn2.png */; };
		DE9409DE1CDAE386003366BC /* btn3.png in Resources */ = {isa = PBXBuildFile; fileRef = DE9409DA1CDAE386003366BC /* btn3.png */; };
		DE9409DF1CDAE386003366BC /* btn4.png in Resources */ = {isa = PBXBuildFile; fileRef = DE9409DB1CDAE386003366BC /* btn4.png */; };
		DE99412F1CDB950900B2698D /* MyImageBrowser.m in Sources */ = {isa = PBXBuildFile; fileRef = DE99412E1CDB950900B2698D /* MyImageBrowser.m */; };
		DEABFC3A1C98499D00B70D59 /* MyUserNameAndThumbnailEditor.m in Sources */ = {isa = PBXBuildFile; fileRef = DEABFC391C98499D00B70D59 /* MyUserNameAndThumbnailEditor.m */; };
		DEC1A9F11CA4E0230062B6AD /* baseView.m in Sources */ = {isa = PBXBuildFile; fileRef = DEC1A9EC1CA4E0230062B6AD /* baseView.m */; };
		DEC1A9F21CA4E0230062B6AD /* touchLine.m in Sources */ = {isa = PBXBuildFile; fileRef = DEC1A9EE1CA4E0230062B6AD /* touchLine.m */; };
		DEC1A9F31CA4E0230062B6AD /* touchView.m in Sources */ = {isa = PBXBuildFile; fileRef = DEC1A9F01CA4E0230062B6AD /* touchView.m */; };
		DEC1A9F71CA512D70062B6AD /* MyLoginController.m in Sources */ = {isa = PBXBuildFile; fileRef = DEC1A9F61CA512D70062B6AD /* MyLoginController.m */; };
		DECFF1E31CA973F20052EED1 /* MyRegisterController.m in Sources */ = {isa = PBXBuildFile; fileRef = DECFF1E21CA973F20052EED1 /* MyRegisterController.m */; };
		DECFF1E61CA977F30052EED1 /* MyPassworeSettingController.m in Sources */ = {isa = PBXBuildFile; fileRef = DECFF1E51CA977F30052EED1 /* MyPassworeSettingController.m */; };
/* End PBXBuildFile section */

/* Begin PBXContainerItemProxy section */
		DE265DF81C565C0E000DDF58 /* PBXContainerItemProxy */ = {
			isa = PBXContainerItemProxy;
			containerPortal = DE265DD61C565C0E000DDF58 /* Project object */;
			proxyType = 1;
			remoteGlobalIDString = DE265DDD1C565C0E000DDF58;
			remoteInfo = TalkToSelf;
		};
		DE265E031C565C0E000DDF58 /* PBXContainerItemProxy */ = {
			isa = PBXContainerItemProxy;
			containerPortal = DE265DD61C565C0E000DDF58 /* Project object */;
			proxyType = 1;
			remoteGlobalIDString = DE265DDD1C565C0E000DDF58;
			remoteInfo = TalkToSelf;
		};
/* End PBXContainerItemProxy section */

/* Begin PBXFileReference section */
		DE265DDE1C565C0E000DDF58 /* TalkToSelf.app */ = {isa = PBXFileReference; explicitFileType = wrapper.application; includeInIndex = 0; path = TalkToSelf.app; sourceTree = BUILT_PRODUCTS_DIR; };
		DE265DE21C565C0E000DDF58 /* main.m */ = {isa = PBXFileReference; lastKnownFileType = sourcecode.c.objc; path = main.m; sourceTree = "<group>"; };
		DE265DE41C565C0E000DDF58 /* AppDelegate.h */ = {isa = PBXFileReference; lastKnownFileType = sourcecode.c.h; path = AppDelegate.h; sourceTree = "<group>"; };
		DE265DE51C565C0E000DDF58 /* AppDelegate.m */ = {isa = PBXFileReference; lastKnownFileType = sourcecode.c.objc; path = AppDelegate.m; sourceTree = "<group>"; };
		DE265DE71C565C0E000DDF58 /* ViewController.h */ = {isa = PBXFileReference; lastKnownFileType = sourcecode.c.h; path = ViewController.h; sourceTree = "<group>"; };
		DE265DE81C565C0E000DDF58 /* ViewController.m */ = {isa = PBXFileReference; lastKnownFileType = sourcecode.c.objc; path = ViewController.m; sourceTree = "<group>"; };
		DE265DED1C565C0E000DDF58 /* Assets.xcassets */ = {isa = PBXFileReference; lastKnownFileType = folder.assetcatalog; path = Assets.xcassets; sourceTree = "<group>"; };
		DE265DF01C565C0E000DDF58 /* Base */ = {isa = PBXFileReference; lastKnownFileType = file.storyboard; name = Base; path = Base.lproj/LaunchScreen.storyboard; sourceTree = "<group>"; };
		DE265DF21C565C0E000DDF58 /* Info.plist */ = {isa = PBXFileReference; lastKnownFileType = text.plist.xml; path = Info.plist; sourceTree = "<group>"; };
		DE265DF71C565C0E000DDF58 /* TalkToSelfTests.xctest */ = {isa = PBXFileReference; explicitFileType = wrapper.cfbundle; includeInIndex = 0; path = TalkToSelfTests.xctest; sourceTree = BUILT_PRODUCTS_DIR; };
		DE265DFB1C565C0E000DDF58 /* TalkToSelfTests.m */ = {isa = PBXFileReference; lastKnownFileType = sourcecode.c.objc; path = TalkToSelfTests.m; sourceTree = "<group>"; };
		DE265DFD1C565C0E000DDF58 /* Info.plist */ = {isa = PBXFileReference; lastKnownFileType = text.plist.xml; path = Info.plist; sourceTree = "<group>"; };
		DE265E021C565C0E000DDF58 /* TalkToSelfUITests.xctest */ = {isa = PBXFileReference; explicitFileType = wrapper.cfbundle; includeInIndex = 0; path = TalkToSelfUITests.xctest; sourceTree = BUILT_PRODUCTS_DIR; };
		DE265E061C565C0E000DDF58 /* TalkToSelfUITests.m */ = {isa = PBXFileReference; lastKnownFileType = sourcecode.c.objc; path = TalkToSelfUITests.m; sourceTree = "<group>"; };
		DE265E081C565C0E000DDF58 /* Info.plist */ = {isa = PBXFileReference; lastKnownFileType = text.plist.xml; path = Info.plist; sourceTree = "<group>"; };
		DE265E1E1C56659B000DDF58 /* NSDate+Utils.h */ = {isa = PBXFileReference; fileEncoding = 4; lastKnownFileType = sourcecode.c.h; path = "NSDate+Utils.h"; sourceTree = "<group>"; };
		DE265E1F1C56659B000DDF58 /* NSDate+Utils.m */ = {isa = PBXFileReference; fileEncoding = 4; lastKnownFileType = sourcecode.c.objc; path = "NSDate+Utils.m"; sourceTree = "<group>"; };
		DE35B01B1CF171A1008AC9CE /* zh-Hans */ = {isa = PBXFileReference; lastKnownFileType = file.storyboard; name = "zh-Hans"; path = "zh-Hans.lproj/Main.storyboard"; sourceTree = "<group>"; };
		DE35B01E1CF175DC008AC9CE /* en */ = {isa = PBXFileReference; lastKnownFileType = file.storyboard; name = en; path = en.lproj/Main.storyboard; sourceTree = "<group>"; };
		DE3CFC351C9064B5006EC12A /* kiss.png */ = {isa = PBXFileReference; lastKnownFileType = image.png; path = kiss.png; sourceTree = "<group>"; };
		DE46C2531CAA5C2E007F1EF0 /* MyPasswordRetrieveController.h */ = {isa = PBXFileReference; fileEncoding = 4; lastKnownFileType = sourcecode.c.h; path = MyPasswordRetrieveController.h; sourceTree = "<group>"; };
		DE46C2541CAA5C2E007F1EF0 /* MyPasswordRetrieveController.m */ = {isa = PBXFileReference; fileEncoding = 4; lastKnownFileType = sourcecode.c.objc; path = MyPasswordRetrieveController.m; sourceTree = "<group>"; };
		DE47DFB61CC0C9A2004147A4 /* ZYSpreadButton.h */ = {isa = PBXFileReference; fileEncoding = 4; lastKnownFileType = sourcecode.c.h; path = ZYSpreadButton.h; sourceTree = "<group>"; };
		DE47DFB71CC0C9A2004147A4 /* ZYSpreadButton.m */ = {isa = PBXFileReference; fileEncoding = 4; lastKnownFileType = sourcecode.c.objc; path = ZYSpreadButton.m; sourceTree = "<group>"; };
		DE47DFB81CC0C9A2004147A4 /* ZYSpreadSubButton.h */ = {isa = PBXFileReference; fileEncoding = 4; lastKnownFileType = sourcecode.c.h; path = ZYSpreadSubButton.h; sourceTree = "<group>"; };
		DE47DFB91CC0C9A2004147A4 /* ZYSpreadSubButton.m */ = {isa = PBXFileReference; fileEncoding = 4; lastKnownFileType = sourcecode.c.objc; path = ZYSpreadSubButton.m; sourceTree = "<group>"; };
		DE47DFBD1CC0CAA9004147A4 /* powerButton.png */ = {isa = PBXFileReference; lastKnownFileType = image.png; path = powerButton.png; sourceTree = "<group>"; };
		DE4832211C74181200FE8E33 /* MyRecordProgressView.h */ = {isa = PBXFileReference; fileEncoding = 4; lastKnownFileType = sourcecode.c.h; path = MyRecordProgressView.h; sourceTree = "<group>"; };
		DE4832221C74181200FE8E33 /* MyRecordProgressView.m */ = {isa = PBXFileReference; fileEncoding = 4; lastKnownFileType = sourcecode.c.objc; path = MyRecordProgressView.m; sourceTree = "<group>"; };
		DE48FC5D1C575E1900ACFE98 /* MyTableViewCell.h */ = {isa = PBXFileReference; fileEncoding = 4; lastKnownFileType = sourcecode.c.h; path = MyTableViewCell.h; sourceTree = "<group>"; };
		DE48FC5E1C575E1900ACFE98 /* MyTableViewCell.m */ = {isa = PBXFileReference; fileEncoding = 4; lastKnownFileType = sourcecode.c.objc; path = MyTableViewCell.m; sourceTree = "<group>"; };
		DE49C8C61CABA0910025FFCA /* MyTargetEditorController.h */ = {isa = PBXFileReference; fileEncoding = 4; lastKnownFileType = sourcecode.c.h; path = MyTargetEditorController.h; sourceTree = "<group>"; };
		DE49C8C71CABA0910025FFCA /* MyTargetEditorController.m */ = {isa = PBXFileReference; fileEncoding = 4; lastKnownFileType = sourcecode.c.objc; path = MyTargetEditorController.m; sourceTree = "<group>"; };
		DE4D15421C5897F700388DA7 /* MyAVAudioPlayer.h */ = {isa = PBXFileReference; fileEncoding = 4; lastKnownFileType = sourcecode.c.h; path = MyAVAudioPlayer.h; sourceTree = "<group>"; };
		DE4D15431C5897F700388DA7 /* MyAVAudioPlayer.m */ = {isa = PBXFileReference; fileEncoding = 4; lastKnownFileType = sourcecode.c.objc; path = MyAVAudioPlayer.m; sourceTree = "<group>"; };
		DE4E018D1CF03596001D72EB /* targetDefault.png */ = {isa = PBXFileReference; lastKnownFileType = image.png; path = targetDefault.png; sourceTree = "<group>"; };
		DE4F39241C92AA000064D610 /* MyUserInformationEditor.h */ = {isa = PBXFileReference; fileEncoding = 4; lastKnownFileType = sourcecode.c.h; path = MyUserInformationEditor.h; sourceTree = "<group>"; };
		DE4F39251C92AA000064D610 /* MyUserInformationEditor.m */ = {isa = PBXFileReference; fileEncoding = 4; lastKnownFileType = sourcecode.c.objc; path = MyUserInformationEditor.m; sourceTree = "<group>"; };
		DE4F96AF1C89325F00C6C640 /* MyUserManager.h */ = {isa = PBXFileReference; fileEncoding = 4; lastKnownFileType = sourcecode.c.h; path = MyUserManager.h; sourceTree = "<group>"; };
		DE4F96B01C89325F00C6C640 /* MyUserManager.m */ = {isa = PBXFileReference; fileEncoding = 4; lastKnownFileType = sourcecode.c.objc; path = MyUserManager.m; sourceTree = "<group>"; };
		DE4F96B41C895B8700C6C640 /* FMDatabase.h */ = {isa = PBXFileReference; fileEncoding = 4; lastKnownFileType = sourcecode.c.h; path = FMDatabase.h; sourceTree = "<group>"; };
		DE4F96B51C895B8700C6C640 /* FMDatabase.m */ = {isa = PBXFileReference; fileEncoding = 4; lastKnownFileType = sourcecode.c.objc; path = FMDatabase.m; sourceTree = "<group>"; };
		DE4F96B61C895B8700C6C640 /* FMDatabaseAdditions.h */ = {isa = PBXFileReference; fileEncoding = 4; lastKnownFileType = sourcecode.c.h; path = FMDatabaseAdditions.h; sourceTree = "<group>"; };
		DE4F96B71C895B8700C6C640 /* FMDatabaseAdditions.m */ = {isa = PBXFileReference; fileEncoding = 4; lastKnownFileType = sourcecode.c.objc; path = FMDatabaseAdditions.m; sourceTree = "<group>"; };
		DE4F96B81C895B8700C6C640 /* FMDatabasePool.h */ = {isa = PBXFileReference; fileEncoding = 4; lastKnownFileType = sourcecode.c.h; path = FMDatabasePool.h; sourceTree = "<group>"; };
		DE4F96B91C895B8700C6C640 /* FMDatabasePool.m */ = {isa = PBXFileReference; fileEncoding = 4; lastKnownFileType = sourcecode.c.objc; path = FMDatabasePool.m; sourceTree = "<group>"; };
		DE4F96BA1C895B8700C6C640 /* FMDatabaseQueue.h */ = {isa = PBXFileReference; fileEncoding = 4; lastKnownFileType = sourcecode.c.h; path = FMDatabaseQueue.h; sourceTree = "<group>"; };
		DE4F96BB1C895B8700C6C640 /* FMDatabaseQueue.m */ = {isa = PBXFileReference; fileEncoding = 4; lastKnownFileType = sourcecode.c.objc; path = FMDatabaseQueue.m; sourceTree = "<group>"; };
		DE4F96BC1C895B8700C6C640 /* FMDB.h */ = {isa = PBXFileReference; fileEncoding = 4; lastKnownFileType = sourcecode.c.h; path = FMDB.h; sourceTree = "<group>"; };
		DE4F96BD1C895B8700C6C640 /* FMResultSet.h */ = {isa = PBXFileReference; fileEncoding = 4; lastKnownFileType = sourcecode.c.h; path = FMResultSet.h; sourceTree = "<group>"; };
		DE4F96BE1C895B8700C6C640 /* FMResultSet.m */ = {isa = PBXFileReference; fileEncoding = 4; lastKnownFileType = sourcecode.c.objc; path = FMResultSet.m; sourceTree = "<group>"; };
		DE4F96C81C895FE900C6C640 /* TalkToSelf.xcodeproj */ = {isa = PBXFileReference; lastKnownFileType = "wrapper.pb-project"; path = TalkToSelf.xcodeproj; sourceTree = "<group>"; };
		DE4F96CB1C89601C00C6C640 /* libsqlite3.dylib */ = {isa = PBXFileReference; lastKnownFileType = "compiled.mach-o.dylib"; name = libsqlite3.dylib; path = /usr/lib/libsqlite3.dylib; sourceTree = "<absolute>"; };
		DE50D57E1CB38A8F00372BD3 /* MyCollectionViewLayout.h */ = {isa = PBXFileReference; fileEncoding = 4; lastKnownFileType = sourcecode.c.h; path = MyCollectionViewLayout.h; sourceTree = "<group>"; };
		DE50D57F1CB38A8F00372BD3 /* MyCollectionViewLayout.m */ = {isa = PBXFileReference; fileEncoding = 4; lastKnownFileType = sourcecode.c.objc; path = MyCollectionViewLayout.m; sourceTree = "<group>"; };
		DE50D5811CB3933100372BD3 /* MyCollectionViewCell.h */ = {isa = PBXFileReference; fileEncoding = 4; lastKnownFileType = sourcecode.c.h; path = MyCollectionViewCell.h; sourceTree = "<group>"; };
		DE50D5821CB3933100372BD3 /* MyCollectionViewCell.m */ = {isa = PBXFileReference; fileEncoding = 4; lastKnownFileType = sourcecode.c.objc; path = MyCollectionViewCell.m; sourceTree = "<group>"; };
		DE50D5831CB3933100372BD3 /* MyCollectionViewCell.xib */ = {isa = PBXFileReference; fileEncoding = 4; lastKnownFileType = file.xib; path = MyCollectionViewCell.xib; sourceTree = "<group>"; };
		DE50D5861CB3948500372BD3 /* MyCollectionViewController.h */ = {isa = PBXFileReference; fileEncoding = 4; lastKnownFileType = sourcecode.c.h; path = MyCollectionViewController.h; sourceTree = "<group>"; };
		DE50D5871CB3948500372BD3 /* MyCollectionViewController.m */ = {isa = PBXFileReference; fileEncoding = 4; lastKnownFileType = sourcecode.c.objc; path = MyCollectionViewController.m; sourceTree = "<group>"; };
		DE528E521C8037370016198C /* MyViewController.h */ = {isa = PBXFileReference; fileEncoding = 4; lastKnownFileType = sourcecode.c.h; path = MyViewController.h; sourceTree = "<group>"; };
		DE528E531C8037370016198C /* MyViewController.m */ = {isa = PBXFileReference; fileEncoding = 4; lastKnownFileType = sourcecode.c.objc; path = MyViewController.m; sourceTree = "<group>"; };
		DE528E541C8037370016198C /* MyViewController.xib */ = {isa = PBXFileReference; fileEncoding = 4; lastKnownFileType = file.xib; path = MyViewController.xib; sourceTree = "<group>"; };
		DE52E8AD1CD098B000ADBAB9 /* MyInitTargetEditorController.h */ = {isa = PBXFileReference; fileEncoding = 4; lastKnownFileType = sourcecode.c.h; path = MyInitTargetEditorController.h; sourceTree = "<group>"; };
		DE52E8AE1CD098B000ADBAB9 /* MyInitTargetEditorController.m */ = {isa = PBXFileReference; fileEncoding = 4; lastKnownFileType = sourcecode.c.objc; path = MyInitTargetEditorController.m; sourceTree = "<group>"; };
		DE55B5041C5C4DFE00742895 /* libmp3lame.a */ = {isa = PBXFileReference; lastKnownFileType = archive.ar; path = libmp3lame.a; sourceTree = "<group>"; };
		DE55B5051C5C4DFE00742895 /* Mp3Recorder.h */ = {isa = PBXFileReference; fileEncoding = 4; lastKnownFileType = sourcecode.c.h; path = Mp3Recorder.h; sourceTree = "<group>"; };
		DE55B5061C5C4DFE00742895 /* Mp3Recorder.m */ = {isa = PBXFileReference; fileEncoding = 4; lastKnownFileType = sourcecode.c.objc; path = Mp3Recorder.m; sourceTree = "<group>"; };
		DE59447E1CDB28E5007E1B53 /* lame.h */ = {isa = PBXFileReference; fileEncoding = 4; lastKnownFileType = sourcecode.c.h; path = lame.h; sourceTree = "<group>"; };
		DE5944991CDB37DA007E1B53 /* userDefault.png */ = {isa = PBXFileReference; lastKnownFileType = image.png; path = userDefault.png; sourceTree = "<group>"; };
		DE5AC6641CC8B550007CB1DE /* MyBounceView.h */ = {isa = PBXFileReference; fileEncoding = 4; lastKnownFileType = sourcecode.c.h; path = MyBounceView.h; sourceTree = "<group>"; };
		DE5AC6651CC8B550007CB1DE /* MyBounceView.m */ = {isa = PBXFileReference; fileEncoding = 4; lastKnownFileType = sourcecode.c.objc; path = MyBounceView.m; sourceTree = "<group>"; };
		DE5AE34C1C7D7AFD009642AF /* clockPanelNew.png */ = {isa = PBXFileReference; lastKnownFileType = image.png; name = clockPanelNew.png; path = ../clockPanelNew.png; sourceTree = "<group>"; };
		DE5B663E1C5B3690007A7223 /* MyInputView.h */ = {isa = PBXFileReference; fileEncoding = 4; lastKnownFileType = sourcecode.c.h; path = MyInputView.h; sourceTree = "<group>"; };
		DE5B663F1C5B3690007A7223 /* MyInputView.m */ = {isa = PBXFileReference; fileEncoding = 4; lastKnownFileType = sourcecode.c.objc; path = MyInputView.m; sourceTree = "<group>"; };
		DE6128371C817D6A00D76941 /* chat_animation1.png */ = {isa = PBXFileReference; lastKnownFileType = image.png; path = chat_animation1.png; sourceTree = "<group>"; };
		DE6128381C817D6A00D76941 /* chat_animation2.png */ = {isa = PBXFileReference; lastKnownFileType = image.png; path = chat_animation2.png; sourceTree = "<group>"; };
		DE6128391C817D6A00D76941 /* chat_animation3.png */ = {isa = PBXFileReference; lastKnownFileType = image.png; path = chat_animation3.png; sourceTree = "<group>"; };
		DE61283A1C817D6A00D76941 /* chat_animation_white1.png */ = {isa = PBXFileReference; lastKnownFileType = image.png; path = chat_animation_white1.png; sourceTree = "<group>"; };
		DE61283B1C817D6A00D76941 /* chat_animation_white2.png */ = {isa = PBXFileReference; lastKnownFileType = image.png; path = chat_animation_white2.png; sourceTree = "<group>"; };
		DE61283C1C817D6A00D76941 /* chat_animation_white3.png */ = {isa = PBXFileReference; lastKnownFileType = image.png; path = chat_animation_white3.png; sourceTree = "<group>"; };
		DE61283D1C817D6A00D76941 /* chat_ipunt_message.png */ = {isa = PBXFileReference; lastKnownFileType = image.png; path = chat_ipunt_message.png; sourceTree = "<group>"; };
		DE61283E1C817D6A00D76941 /* chat_message_back.png */ = {isa = PBXFileReference; lastKnownFileType = image.png; path = chat_message_back.png; sourceTree = "<group>"; };
		DE6128401C817D6A00D76941 /* chat_send_message.png */ = {isa = PBXFileReference; lastKnownFileType = image.png; path = chat_send_message.png; sourceTree = "<group>"; };
		DE6128411C817D6A00D76941 /* Chat_take_picture.png */ = {isa = PBXFileReference; lastKnownFileType = image.png; path = Chat_take_picture.png; sourceTree = "<group>"; };
		DE6128421C817D6A00D76941 /* chat_voice_record.png */ = {isa = PBXFileReference; lastKnownFileType = image.png; path = chat_voice_record.png; sourceTree = "<group>"; };
		DE6128431C817D6A00D76941 /* chatfrom_bg_normal.png */ = {isa = PBXFileReference; lastKnownFileType = image.png; path = chatfrom_bg_normal.png; sourceTree = "<group>"; };
		DE6128451C817D6A00D76941 /* chatto_bg_normal.png */ = {isa = PBXFileReference; lastKnownFileType = image.png; path = chatto_bg_normal.png; sourceTree = "<group>"; };
		DE62162B1C856D1500DBCE2A /* MyDataSourcemanager.h */ = {isa = PBXFileReference; fileEncoding = 4; lastKnownFileType = sourcecode.c.h; path = MyDataSourcemanager.h; sourceTree = "<group>"; };
		DE62162C1C856D1500DBCE2A /* MyDataSourcemanager.m */ = {isa = PBXFileReference; fileEncoding = 4; lastKnownFileType = sourcecode.c.objc; path = MyDataSourcemanager.m; sourceTree = "<group>"; };
		DE77ADDE1CA3BF9800283660 /* MySecretManager.h */ = {isa = PBXFileReference; fileEncoding = 4; lastKnownFileType = sourcecode.c.h; path = MySecretManager.h; sourceTree = "<group>"; };
		DE77ADDF1CA3BF9800283660 /* MySecretManager.m */ = {isa = PBXFileReference; fileEncoding = 4; lastKnownFileType = sourcecode.c.objc; path = MySecretManager.m; sourceTree = "<group>"; };
		DE77ADE11CA3BFAD00283660 /* Security.framework */ = {isa = PBXFileReference; lastKnownFileType = wrapper.framework; name = Security.framework; path = System/Library/Frameworks/Security.framework; sourceTree = SDKROOT; };
		DE77ADE31CA3C0BA00283660 /* MyKeyChainService.h */ = {isa = PBXFileReference; fileEncoding = 4; lastKnownFileType = sourcecode.c.h; path = MyKeyChainService.h; sourceTree = "<group>"; };
		DE77ADE41CA3C0BA00283660 /* MyKeyChainService.m */ = {isa = PBXFileReference; fileEncoding = 4; lastKnownFileType = sourcecode.c.objc; path = MyKeyChainService.m; sourceTree = "<group>"; };
		DE7AE9FB1CC74EA400B58665 /* MyNumSlider.h */ = {isa = PBXFileReference; fileEncoding = 4; lastKnownFileType = sourcecode.c.h; path = MyNumSlider.h; sourceTree = "<group>"; };
		DE7AE9FC1CC74EA400B58665 /* MyNumSlider.m */ = {isa = PBXFileReference; fileEncoding = 4; lastKnownFileType = sourcecode.c.objc; path = MyNumSlider.m; sourceTree = "<group>"; };
		DE7AE9FE1CC75D6300B58665 /* MyStatisticsController.h */ = {isa = PBXFileReference; fileEncoding = 4; lastKnownFileType = sourcecode.c.h; path = MyStatisticsController.h; sourceTree = "<group>"; };
		DE7AE9FF1CC75D6300B58665 /* MyStatisticsController.m */ = {isa = PBXFileReference; fileEncoding = 4; lastKnownFileType = sourcecode.c.objc; path = MyStatisticsController.m; sourceTree = "<group>"; };
		DE7D8DD61CDC7C7A003A6E0F /* MyMessage.h */ = {isa = PBXFileReference; fileEncoding = 4; lastKnownFileType = sourcecode.c.h; path = MyMessage.h; sourceTree = "<group>"; };
		DE7D8DD71CDC7C7A003A6E0F /* MyMessage.m */ = {isa = PBXFileReference; fileEncoding = 4; lastKnownFileType = sourcecode.c.objc; path = MyMessage.m; sourceTree = "<group>"; };
		DE7D8DD91CDC7CDE003A6E0F /* MyCellFrame.h */ = {isa = PBXFileReference; fileEncoding = 4; lastKnownFileType = sourcecode.c.h; path = MyCellFrame.h; sourceTree = "<group>"; };
		DE7D8DDA1CDC7CDE003A6E0F /* MyCellFrame.m */ = {isa = PBXFileReference; fileEncoding = 4; lastKnownFileType = sourcecode.c.objc; path = MyCellFrame.m; sourceTree = "<group>"; };
		DE7D8DDC1CDC7DA1003A6E0F /* MyMessageButton.h */ = {isa = PBXFileReference; fileEncoding = 4; lastKnownFileType = sourcecode.c.h; path = MyMessageButton.h; sourceTree = "<group>"; };
		DE7D8DDD1CDC7DA1003A6E0F /* MyMessageButton.m */ = {isa = PBXFileReference; fileEncoding = 4; lastKnownFileType = sourcecode.c.objc; path = MyMessageButton.m; sourceTree = "<group>"; };
		DE9409D81CDAE386003366BC /* btn1.png */ = {isa = PBXFileReference; lastKnownFileType = image.png; path = btn1.png; sourceTree = "<group>"; };
		DE9409D91CDAE386003366BC /* btn2.png */ = {isa = PBXFileReference; lastKnownFileType = image.png; path = btn2.png; sourceTree = "<group>"; };
		DE9409DA1CDAE386003366BC /* btn3.png */ = {isa = PBXFileReference; lastKnownFileType = image.png; path = btn3.png; sourceTree = "<group>"; };
		DE9409DB1CDAE386003366BC /* btn4.png */ = {isa = PBXFileReference; lastKnownFileType = image.png; path = btn4.png; sourceTree = "<group>"; };
		DE99412D1CDB950900B2698D /* MyImageBrowser.h */ = {isa = PBXFileReference; fileEncoding = 4; lastKnownFileType = sourcecode.c.h; path = MyImageBrowser.h; sourceTree = "<group>"; };
		DE99412E1CDB950900B2698D /* MyImageBrowser.m */ = {isa = PBXFileReference; fileEncoding = 4; lastKnownFileType = sourcecode.c.objc; path = MyImageBrowser.m; sourceTree = "<group>"; };
		DEABFC381C98499D00B70D59 /* MyUserNameAndThumbnailEditor.h */ = {isa = PBXFileReference; fileEncoding = 4; lastKnownFileType = sourcecode.c.h; path = MyUserNameAndThumbnailEditor.h; sourceTree = "<group>"; };
		DEABFC391C98499D00B70D59 /* MyUserNameAndThumbnailEditor.m */ = {isa = PBXFileReference; fileEncoding = 4; lastKnownFileType = sourcecode.c.objc; path = MyUserNameAndThumbnailEditor.m; sourceTree = "<group>"; };
		DEC1A9EB1CA4E0230062B6AD /* baseView.h */ = {isa = PBXFileReference; fileEncoding = 4; lastKnownFileType = sourcecode.c.h; path = baseView.h; sourceTree = "<group>"; };
		DEC1A9EC1CA4E0230062B6AD /* baseView.m */ = {isa = PBXFileReference; fileEncoding = 4; lastKnownFileType = sourcecode.c.objc; path = baseView.m; sourceTree = "<group>"; };
		DEC1A9ED1CA4E0230062B6AD /* touchLine.h */ = {isa = PBXFileReference; fileEncoding = 4; lastKnownFileType = sourcecode.c.h; path = touchLine.h; sourceTree = "<group>"; };
		DEC1A9EE1CA4E0230062B6AD /* touchLine.m */ = {isa = PBXFileReference; fileEncoding = 4; lastKnownFileType = sourcecode.c.objc; path = touchLine.m; sourceTree = "<group>"; };
		DEC1A9EF1CA4E0230062B6AD /* touchView.h */ = {isa = PBXFileReference; fileEncoding = 4; lastKnownFileType = sourcecode.c.h; path = touchView.h; sourceTree = "<group>"; };
		DEC1A9F01CA4E0230062B6AD /* touchView.m */ = {isa = PBXFileReference; fileEncoding = 4; lastKnownFileType = sourcecode.c.objc; path = touchView.m; sourceTree = "<group>"; };
		DEC1A9F51CA512D70062B6AD /* MyLoginController.h */ = {isa = PBXFileReference; fileEncoding = 4; lastKnownFileType = sourcecode.c.h; path = MyLoginController.h; sourceTree = "<group>"; };
		DEC1A9F61CA512D70062B6AD /* MyLoginController.m */ = {isa = PBXFileReference; fileEncoding = 4; lastKnownFileType = sourcecode.c.objc; path = MyLoginController.m; sourceTree = "<group>"; };
		DECFF1E11CA973F20052EED1 /* MyRegisterController.h */ = {isa = PBXFileReference; fileEncoding = 4; lastKnownFileType = sourcecode.c.h; path = MyRegisterController.h; sourceTree = "<group>"; };
		DECFF1E21CA973F20052EED1 /* MyRegisterController.m */ = {isa = PBXFileReference; fileEncoding = 4; lastKnownFileType = sourcecode.c.objc; path = MyRegisterController.m; sourceTree = "<group>"; };
		DECFF1E41CA977F30052EED1 /* MyPassworeSettingController.h */ = {isa = PBXFileReference; fileEncoding = 4; lastKnownFileType = sourcecode.c.h; path = MyPassworeSettingController.h; sourceTree = "<group>"; };
		DECFF1E51CA977F30052EED1 /* MyPassworeSettingController.m */ = {isa = PBXFileReference; fileEncoding = 4; lastKnownFileType = sourcecode.c.objc; path = MyPassworeSettingController.m; sourceTree = "<group>"; };
/* End PBXFileReference section */

/* Begin PBXFrameworksBuildPhase section */
		DE265DDB1C565C0E000DDF58 /* Frameworks */ = {
			isa = PBXFrameworksBuildPhase;
			buildActionMask = 2147483647;
			files = (
				DE77ADE21CA3BFAD00283660 /* Security.framework in Frameworks */,
				DE4F96CC1C89601C00C6C640 /* libsqlite3.dylib in Frameworks */,
				DE55B5071C5C4DFE00742895 /* libmp3lame.a in Frameworks */,
			);
			runOnlyForDeploymentPostprocessing = 0;
		};
		DE265DF41C565C0E000DDF58 /* Frameworks */ = {
			isa = PBXFrameworksBuildPhase;
			buildActionMask = 2147483647;
			files = (
			);
			runOnlyForDeploymentPostprocessing = 0;
		};
		DE265DFF1C565C0E000DDF58 /* Frameworks */ = {
			isa = PBXFrameworksBuildPhase;
			buildActionMask = 2147483647;
			files = (
			);
			runOnlyForDeploymentPostprocessing = 0;
		};
/* End PBXFrameworksBuildPhase section */

/* Begin PBXGroup section */
		DE265DD51C565C0E000DDF58 = {
			isa = PBXGroup;
			children = (
				DE4F96C81C895FE900C6C640 /* TalkToSelf.xcodeproj */,
				DE265DE01C565C0E000DDF58 /* TalkToSelf */,
				DE265DFA1C565C0E000DDF58 /* TalkToSelfTests */,
				DE265E051C565C0E000DDF58 /* TalkToSelfUITests */,
				DE265DDF1C565C0E000DDF58 /* Products */,
			);
			sourceTree = "<group>";
		};
		DE265DDF1C565C0E000DDF58 /* Products */ = {
			isa = PBXGroup;
			children = (
				DE265DDE1C565C0E000DDF58 /* TalkToSelf.app */,
				DE265DF71C565C0E000DDF58 /* TalkToSelfTests.xctest */,
				DE265E021C565C0E000DDF58 /* TalkToSelfUITests.xctest */,
			);
			name = Products;
			sourceTree = "<group>";
		};
		DE265DE01C565C0E000DDF58 /* TalkToSelf */ = {
			isa = PBXGroup;
			children = (
				DE47DFB51CC0C3E2004147A4 /* spreadButton */,
				DEC1A9F41CA512A30062B6AD /* controllers */,
				DEC1A9EA1CA4DFF30062B6AD /* screenLock */,
				DE4F391E1C92A2BC0064D610 /* informationEditor */,
				DE3CFC2E1C905BBC006EC12A /* Animation */,
				DE4F96B21C89327000C6C640 /* DataManager */,
				DE265E1A1C565F90000DDF58 /* TableViewCell */,
				DE265E141C565C19000DDF58 /* message */,
				DE265DE41C565C0E000DDF58 /* AppDelegate.h */,
				DE265DE51C565C0E000DDF58 /* AppDelegate.m */,
				DE265DEA1C565C0E000DDF58 /* Main.storyboard */,
				DE265DED1C565C0E000DDF58 /* Assets.xcassets */,
				DE265DEF1C565C0E000DDF58 /* LaunchScreen.storyboard */,
				DE265DF21C565C0E000DDF58 /* Info.plist */,
				DE265DE11C565C0E000DDF58 /* Supporting Files */,
			);
			path = TalkToSelf;
			sourceTree = "<group>";
		};
		DE265DE11C565C0E000DDF58 /* Supporting Files */ = {
			isa = PBXGroup;
			children = (
				DE645FE81CE0CCF700FD3262 /* VoiceLib */,
				DE4F96B31C895B8700C6C640 /* fmdb */,
				DE5AE3431C7D5708009642AF /* photo */,
				DE77ADE11CA3BFAD00283660 /* Security.framework */,
				DE4F96CB1C89601C00C6C640 /* libsqlite3.dylib */,
				DE265E1E1C56659B000DDF58 /* NSDate+Utils.h */,
				DE265E1F1C56659B000DDF58 /* NSDate+Utils.m */,
				DE265DE21C565C0E000DDF58 /* main.m */,
			);
			name = "Supporting Files";
			sourceTree = "<group>";
		};
		DE265DFA1C565C0E000DDF58 /* TalkToSelfTests */ = {
			isa = PBXGroup;
			children = (
				DE265DFB1C565C0E000DDF58 /* TalkToSelfTests.m */,
				DE265DFD1C565C0E000DDF58 /* Info.plist */,
			);
			path = TalkToSelfTests;
			sourceTree = "<group>";
		};
		DE265E051C565C0E000DDF58 /* TalkToSelfUITests */ = {
			isa = PBXGroup;
			children = (
				DE265E061C565C0E000DDF58 /* TalkToSelfUITests.m */,
				DE265E081C565C0E000DDF58 /* Info.plist */,
			);
			path = TalkToSelfUITests;
			sourceTree = "<group>";
		};
		DE265E141C565C19000DDF58 /* message */ = {
			isa = PBXGroup;
			children = (
				DE4D15421C5897F700388DA7 /* MyAVAudioPlayer.h */,
				DE4D15431C5897F700388DA7 /* MyAVAudioPlayer.m */,
				DE7D8DD61CDC7C7A003A6E0F /* MyMessage.h */,
				DE7D8DD71CDC7C7A003A6E0F /* MyMessage.m */,
			);
			name = message;
			sourceTree = "<group>";
		};
		DE265E1A1C565F90000DDF58 /* TableViewCell */ = {
			isa = PBXGroup;
			children = (
				DE48FC5D1C575E1900ACFE98 /* MyTableViewCell.h */,
				DE48FC5E1C575E1900ACFE98 /* MyTableViewCell.m */,
				DE5B663E1C5B3690007A7223 /* MyInputView.h */,
				DE5B663F1C5B3690007A7223 /* MyInputView.m */,
				DE4832211C74181200FE8E33 /* MyRecordProgressView.h */,
				DE4832221C74181200FE8E33 /* MyRecordProgressView.m */,
				DE99412D1CDB950900B2698D /* MyImageBrowser.h */,
				DE99412E1CDB950900B2698D /* MyImageBrowser.m */,
				DE7D8DD91CDC7CDE003A6E0F /* MyCellFrame.h */,
				DE7D8DDA1CDC7CDE003A6E0F /* MyCellFrame.m */,
				DE7D8DDC1CDC7DA1003A6E0F /* MyMessageButton.h */,
				DE7D8DDD1CDC7DA1003A6E0F /* MyMessageButton.m */,
			);
			name = TableViewCell;
			sourceTree = "<group>";
		};
		DE3CFC2E1C905BBC006EC12A /* Animation */ = {
			isa = PBXGroup;
			children = (
				DE5AC6641CC8B550007CB1DE /* MyBounceView.h */,
				DE5AC6651CC8B550007CB1DE /* MyBounceView.m */,
				DE7AE9FB1CC74EA400B58665 /* MyNumSlider.h */,
				DE7AE9FC1CC74EA400B58665 /* MyNumSlider.m */,
			);
			name = Animation;
			sourceTree = "<group>";
		};
		DE47DFB51CC0C3E2004147A4 /* spreadButton */ = {
			isa = PBXGroup;
			children = (
				DE47DFB61CC0C9A2004147A4 /* ZYSpreadButton.h */,
				DE47DFB71CC0C9A2004147A4 /* ZYSpreadButton.m */,
				DE47DFB81CC0C9A2004147A4 /* ZYSpreadSubButton.h */,
				DE47DFB91CC0C9A2004147A4 /* ZYSpreadSubButton.m */,
			);
			name = spreadButton;
			sourceTree = "<group>";
		};
		DE47DFBC1CC0C9F5004147A4 /* spreadButton */ = {
			isa = PBXGroup;
			children = (
				DE9409D81CDAE386003366BC /* btn1.png */,
				DE9409D91CDAE386003366BC /* btn2.png */,
				DE9409DA1CDAE386003366BC /* btn3.png */,
				DE9409DB1CDAE386003366BC /* btn4.png */,
				DE47DFBD1CC0CAA9004147A4 /* powerButton.png */,
			);
			name = spreadButton;
			sourceTree = "<group>";
		};
		DE4F391E1C92A2BC0064D610 /* informationEditor */ = {
			isa = PBXGroup;
			children = (
				DE4F39241C92AA000064D610 /* MyUserInformationEditor.h */,
				DE4F39251C92AA000064D610 /* MyUserInformationEditor.m */,
				DEABFC381C98499D00B70D59 /* MyUserNameAndThumbnailEditor.h */,
				DEABFC391C98499D00B70D59 /* MyUserNameAndThumbnailEditor.m */,
				DEC1A9F51CA512D70062B6AD /* MyLoginController.h */,
				DEC1A9F61CA512D70062B6AD /* MyLoginController.m */,
				DECFF1E11CA973F20052EED1 /* MyRegisterController.h */,
				DECFF1E21CA973F20052EED1 /* MyRegisterController.m */,
				DECFF1E41CA977F30052EED1 /* MyPassworeSettingController.h */,
				DECFF1E51CA977F30052EED1 /* MyPassworeSettingController.m */,
				DE46C2531CAA5C2E007F1EF0 /* MyPasswordRetrieveController.h */,
				DE46C2541CAA5C2E007F1EF0 /* MyPasswordRetrieveController.m */,
				DE49C8C61CABA0910025FFCA /* MyTargetEditorController.h */,
				DE49C8C71CABA0910025FFCA /* MyTargetEditorController.m */,
				DE50D57E1CB38A8F00372BD3 /* MyCollectionViewLayout.h */,
				DE50D57F1CB38A8F00372BD3 /* MyCollectionViewLayout.m */,
				DE50D5811CB3933100372BD3 /* MyCollectionViewCell.h */,
				DE50D5821CB3933100372BD3 /* MyCollectionViewCell.m */,
				DE50D5831CB3933100372BD3 /* MyCollectionViewCell.xib */,
				DE50D5861CB3948500372BD3 /* MyCollectionViewController.h */,
				DE50D5871CB3948500372BD3 /* MyCollectionViewController.m */,
				DE52E8AD1CD098B000ADBAB9 /* MyInitTargetEditorController.h */,
				DE52E8AE1CD098B000ADBAB9 /* MyInitTargetEditorController.m */,
			);
			name = informationEditor;
			sourceTree = "<group>";
		};
		DE4F96B21C89327000C6C640 /* DataManager */ = {
			isa = PBXGroup;
			children = (
				DE62162B1C856D1500DBCE2A /* MyDataSourcemanager.h */,
				DE62162C1C856D1500DBCE2A /* MyDataSourcemanager.m */,
				DE4F96AF1C89325F00C6C640 /* MyUserManager.h */,
				DE4F96B01C89325F00C6C640 /* MyUserManager.m */,
				DE77ADDE1CA3BF9800283660 /* MySecretManager.h */,
				DE77ADDF1CA3BF9800283660 /* MySecretManager.m */,
				DE77ADE31CA3C0BA00283660 /* MyKeyChainService.h */,
				DE77ADE41CA3C0BA00283660 /* MyKeyChainService.m */,
			);
			name = DataManager;
			sourceTree = "<group>";
		};
		DE4F96B31C895B8700C6C640 /* fmdb */ = {
			isa = PBXGroup;
			children = (
				DE4F96B41C895B8700C6C640 /* FMDatabase.h */,
				DE4F96B51C895B8700C6C640 /* FMDatabase.m */,
				DE4F96B61C895B8700C6C640 /* FMDatabaseAdditions.h */,
				DE4F96B71C895B8700C6C640 /* FMDatabaseAdditions.m */,
				DE4F96B81C895B8700C6C640 /* FMDatabasePool.h */,
				DE4F96B91C895B8700C6C640 /* FMDatabasePool.m */,
				DE4F96BA1C895B8700C6C640 /* FMDatabaseQueue.h */,
				DE4F96BB1C895B8700C6C640 /* FMDatabaseQueue.m */,
				DE4F96BC1C895B8700C6C640 /* FMDB.h */,
				DE4F96BD1C895B8700C6C640 /* FMResultSet.h */,
				DE4F96BE1C895B8700C6C640 /* FMResultSet.m */,
			);
			path = fmdb;
			sourceTree = "<group>";
		};
		DE4F96C91C895FE900C6C640 /* Products */ = {
			isa = PBXGroup;
			name = Products;
			sourceTree = "<group>";
		};
		DE59447F1CDB2909007E1B53 /* thumbnails */ = {
			isa = PBXGroup;
			children = (
				DE4E018D1CF03596001D72EB /* targetDefault.png */,
				DE5944991CDB37DA007E1B53 /* userDefault.png */,
			);
			name = thumbnails;
			sourceTree = "<group>";
		};
		DE5AE3431C7D5708009642AF /* photo */ = {
			isa = PBXGroup;
			children = (
				DE59447F1CDB2909007E1B53 /* thumbnails */,
				DE47DFBC1CC0C9F5004147A4 /* spreadButton */,
				DE6128361C817D6A00D76941 /* pic */,
			);
			name = photo;
			sourceTree = "<group>";
		};
		DE6128361C817D6A00D76941 /* pic */ = {
			isa = PBXGroup;
			children = (
				DE3CFC351C9064B5006EC12A /* kiss.png */,
				DE6128371C817D6A00D76941 /* chat_animation1.png */,
				DE6128381C817D6A00D76941 /* chat_animation2.png */,
				DE6128391C817D6A00D76941 /* chat_animation3.png */,
				DE61283A1C817D6A00D76941 /* chat_animation_white1.png */,
				DE61283B1C817D6A00D76941 /* chat_animation_white2.png */,
				DE61283C1C817D6A00D76941 /* chat_animation_white3.png */,
				DE61283D1C817D6A00D76941 /* chat_ipunt_message.png */,
				DE61283E1C817D6A00D76941 /* chat_message_back.png */,
				DE6128401C817D6A00D76941 /* chat_send_message.png */,
				DE6128411C817D6A00D76941 /* Chat_take_picture.png */,
				DE6128421C817D6A00D76941 /* chat_voice_record.png */,
				DE6128431C817D6A00D76941 /* chatfrom_bg_normal.png */,
				DE6128451C817D6A00D76941 /* chatto_bg_normal.png */,
				DE5AE34C1C7D7AFD009642AF /* clockPanelNew.png */,
			);
			path = pic;
			sourceTree = "<group>";
		};
		DE645FE81CE0CCF700FD3262 /* VoiceLib */ = {
			isa = PBXGroup;
			children = (
				DE55B5041C5C4DFE00742895 /* libmp3lame.a */,
				DE55B5051C5C4DFE00742895 /* Mp3Recorder.h */,
				DE55B5061C5C4DFE00742895 /* Mp3Recorder.m */,
				DE59447E1CDB28E5007E1B53 /* lame.h */,
			);
			name = VoiceLib;
			sourceTree = "<group>";
		};
		DEC1A9EA1CA4DFF30062B6AD /* screenLock */ = {
			isa = PBXGroup;
			children = (
				DEC1A9EB1CA4E0230062B6AD /* baseView.h */,
				DEC1A9EC1CA4E0230062B6AD /* baseView.m */,
				DEC1A9ED1CA4E0230062B6AD /* touchLine.h */,
				DEC1A9EE1CA4E0230062B6AD /* touchLine.m */,
				DEC1A9EF1CA4E0230062B6AD /* touchView.h */,
				DEC1A9F01CA4E0230062B6AD /* touchView.m */,
			);
			name = screenLock;
			sourceTree = "<group>";
		};
		DEC1A9F41CA512A30062B6AD /* controllers */ = {
			isa = PBXGroup;
			children = (
				DE265DE71C565C0E000DDF58 /* ViewController.h */,
				DE265DE81C565C0E000DDF58 /* ViewController.m */,
				DE528E521C8037370016198C /* MyViewController.h */,
				DE528E531C8037370016198C /* MyViewController.m */,
				DE528E541C8037370016198C /* MyViewController.xib */,
				DE7AE9FE1CC75D6300B58665 /* MyStatisticsController.h */,
				DE7AE9FF1CC75D6300B58665 /* MyStatisticsController.m */,
			);
			name = controllers;
			sourceTree = "<group>";
		};
/* End PBXGroup section */

/* Begin PBXNativeTarget section */
		DE265DDD1C565C0E000DDF58 /* TalkToSelf */ = {
			isa = PBXNativeTarget;
			buildConfigurationList = DE265E0B1C565C0E000DDF58 /* Build configuration list for PBXNativeTarget "TalkToSelf" */;
			buildPhases = (
				DE265DDA1C565C0E000DDF58 /* Sources */,
				DE265DDB1C565C0E000DDF58 /* Frameworks */,
				DE265DDC1C565C0E000DDF58 /* Resources */,
			);
			buildRules = (
			);
			dependencies = (
			);
			name = TalkToSelf;
			productName = TalkToSelf;
			productReference = DE265DDE1C565C0E000DDF58 /* TalkToSelf.app */;
			productType = "com.apple.product-type.application";
		};
		DE265DF61C565C0E000DDF58 /* TalkToSelfTests */ = {
			isa = PBXNativeTarget;
			buildConfigurationList = DE265E0E1C565C0E000DDF58 /* Build configuration list for PBXNativeTarget "TalkToSelfTests" */;
			buildPhases = (
				DE265DF31C565C0E000DDF58 /* Sources */,
				DE265DF41C565C0E000DDF58 /* Frameworks */,
				DE265DF51C565C0E000DDF58 /* Resources */,
			);
			buildRules = (
			);
			dependencies = (
				DE265DF91C565C0E000DDF58 /* PBXTargetDependency */,
			);
			name = TalkToSelfTests;
			productName = TalkToSelfTests;
			productReference = DE265DF71C565C0E000DDF58 /* TalkToSelfTests.xctest */;
			productType = "com.apple.product-type.bundle.unit-test";
		};
		DE265E011C565C0E000DDF58 /* TalkToSelfUITests */ = {
			isa = PBXNativeTarget;
			buildConfigurationList = DE265E111C565C0E000DDF58 /* Build configuration list for PBXNativeTarget "TalkToSelfUITests" */;
			buildPhases = (
				DE265DFE1C565C0E000DDF58 /* Sources */,
				DE265DFF1C565C0E000DDF58 /* Frameworks */,
				DE265E001C565C0E000DDF58 /* Resources */,
			);
			buildRules = (
			);
			dependencies = (
				DE265E041C565C0E000DDF58 /* PBXTargetDependency */,
			);
			name = TalkToSelfUITests;
			productName = TalkToSelfUITests;
			productReference = DE265E021C565C0E000DDF58 /* TalkToSelfUITests.xctest */;
			productType = "com.apple.product-type.bundle.ui-testing";
		};
/* End PBXNativeTarget section */

/* Begin PBXProject section */
		DE265DD61C565C0E000DDF58 /* Project object */ = {
			isa = PBXProject;
			attributes = {
				LastUpgradeCheck = 0720;
				ORGANIZATIONNAME = rust_33;
				TargetAttributes = {
					DE265DDD1C565C0E000DDF58 = {
						CreatedOnToolsVersion = 7.2;
						DevelopmentTeam = 92T953K8M5;
					};
					DE265DF61C565C0E000DDF58 = {
						CreatedOnToolsVersion = 7.2;
						TestTargetID = DE265DDD1C565C0E000DDF58;
					};
					DE265E011C565C0E000DDF58 = {
						CreatedOnToolsVersion = 7.2;
						TestTargetID = DE265DDD1C565C0E000DDF58;
					};
				};
			};
			buildConfigurationList = DE265DD91C565C0E000DDF58 /* Build configuration list for PBXProject "TalkToSelf" */;
			compatibilityVersion = "Xcode 3.2";
			developmentRegion = English;
			hasScannedForEncodings = 0;
			knownRegions = (
				en,
				Base,
				"zh-Hans",
			);
			mainGroup = DE265DD51C565C0E000DDF58;
			productRefGroup = DE265DDF1C565C0E000DDF58 /* Products */;
			projectDirPath = "";
			projectReferences = (
				{
					ProductGroup = DE4F96C91C895FE900C6C640 /* Products */;
					ProjectRef = DE4F96C81C895FE900C6C640 /* TalkToSelf.xcodeproj */;
				},
			);
			projectRoot = "";
			targets = (
				DE265DDD1C565C0E000DDF58 /* TalkToSelf */,
				DE265DF61C565C0E000DDF58 /* TalkToSelfTests */,
				DE265E011C565C0E000DDF58 /* TalkToSelfUITests */,
			);
		};
/* End PBXProject section */

/* Begin PBXResourcesBuildPhase section */
		DE265DDC1C565C0E000DDF58 /* Resources */ = {
			isa = PBXResourcesBuildPhase;
			buildActionMask = 2147483647;
			files = (
				DE645FE71CE0CBDE00FD3262 /* Main.storyboard in Resources */,
				DE5AE34D1C7D7AFD009642AF /* clockPanelNew.png in Resources */,
				DE265DF11C565C0E000DDF58 /* LaunchScreen.storyboard in Resources */,
				DE6128511C817D6A00D76941 /* Chat_take_picture.png in Resources */,
				DE47DFBE1CC0CAA9004147A4 /* powerButton.png in Resources */,
				DE3CFC361C9064B5006EC12A /* kiss.png in Resources */,
				DE9409DE1CDAE386003366BC /* btn3.png in Resources */,
				DE61284D1C817D6A00D76941 /* chat_ipunt_message.png in Resources */,
				DE6128551C817D6A00D76941 /* chatto_bg_normal.png in Resources */,
				DE61284B1C817D6A00D76941 /* chat_animation_white2.png in Resources */,
				DE61284C1C817D6A00D76941 /* chat_animation_white3.png in Resources */,
				DE6128491C817D6A00D76941 /* chat_animation3.png in Resources */,
				DE9409DC1CDAE386003366BC /* btn1.png in Resources */,
				DE61284A1C817D6A00D76941 /* chat_animation_white1.png in Resources */,
				DE6128501C817D6A00D76941 /* chat_send_message.png in Resources */,
				DE6128521C817D6A00D76941 /* chat_voice_record.png in Resources */,
				DE6128481C817D6A00D76941 /* chat_animation2.png in Resources */,
				DE4E018E1CF03596001D72EB /* targetDefault.png in Resources */,
				DE265DEE1C565C0E000DDF58 /* Assets.xcassets in Resources */,
				DE6128471C817D6A00D76941 /* chat_animation1.png in Resources */,
				DE61284E1C817D6A00D76941 /* chat_message_back.png in Resources */,
				DE50D5851CB3933100372BD3 /* MyCollectionViewCell.xib in Resources */,
				DE9409DD1CDAE386003366BC /* btn2.png in Resources */,
				DE9409DF1CDAE386003366BC /* btn4.png in Resources */,
				DE59449B1CDB37DA007E1B53 /* userDefault.png in Resources */,
				DE528E561C8037370016198C /* MyViewController.xib in Resources */,
				DE6128531C817D6A00D76941 /* chatfrom_bg_normal.png in Resources */,
			);
			runOnlyForDeploymentPostprocessing = 0;
		};
		DE265DF51C565C0E000DDF58 /* Resources */ = {
			isa = PBXResourcesBuildPhase;
			buildActionMask = 2147483647;
			files = (
			);
			runOnlyForDeploymentPostprocessing = 0;
		};
		DE265E001C565C0E000DDF58 /* Resources */ = {
			isa = PBXResourcesBuildPhase;
			buildActionMask = 2147483647;
			files = (
			);
			runOnlyForDeploymentPostprocessing = 0;
		};
/* End PBXResourcesBuildPhase section */

/* Begin PBXSourcesBuildPhase section */
		DE265DDA1C565C0E000DDF58 /* Sources */ = {
			isa = PBXSourcesBuildPhase;
			buildActionMask = 2147483647;
			files = (
				DE265DE91C565C0E000DDF58 /* ViewController.m in Sources */,
				DE50D5841CB3933100372BD3 /* MyCollectionViewCell.m in Sources */,
				DE46C2551CAA5C2E007F1EF0 /* MyPasswordRetrieveController.m in Sources */,
				DECFF1E31CA973F20052EED1 /* MyRegisterController.m in Sources */,
				DEABFC3A1C98499D00B70D59 /* MyUserNameAndThumbnailEditor.m in Sources */,
				DE52E8AF1CD098B000ADBAB9 /* MyInitTargetEditorController.m in Sources */,
				DE4F96C11C895B8700C6C640 /* FMDatabasePool.m in Sources */,
				DE7AE9FD1CC74EA400B58665 /* MyNumSlider.m in Sources */,
				DE77ADE51CA3C0BA00283660 /* MyKeyChainService.m in Sources */,
				DE4832231C74181200FE8E33 /* MyRecordProgressView.m in Sources */,
				DE99412F1CDB950900B2698D /* MyImageBrowser.m in Sources */,
				DE50D5881CB3948500372BD3 /* MyCollectionViewController.m in Sources */,
				DE5AC6661CC8B550007CB1DE /* MyBounceView.m in Sources */,
				DE49C8C81CABA0910025FFCA /* MyTargetEditorController.m in Sources */,
				DE4F96C21C895B8700C6C640 /* FMDatabaseQueue.m in Sources */,
				DE4F96BF1C895B8700C6C640 /* FMDatabase.m in Sources */,
				DECFF1E61CA977F30052EED1 /* MyPassworeSettingController.m in Sources */,
				DE4F96C01C895B8700C6C640 /* FMDatabaseAdditions.m in Sources */,
				DE77ADE01CA3BF9800283660 /* MySecretManager.m in Sources */,
				DE4D15441C5897F700388DA7 /* MyAVAudioPlayer.m in Sources */,
				DEC1A9F31CA4E0230062B6AD /* touchView.m in Sources */,
				DE7AEA001CC75D6300B58665 /* MyStatisticsController.m in Sources */,
				DE4F96C31C895B8700C6C640 /* FMResultSet.m in Sources */,
				DEC1A9F71CA512D70062B6AD /* MyLoginController.m in Sources */,
				DE7D8DD81CDC7C7A003A6E0F /* MyMessage.m in Sources */,
				DE55B5081C5C4DFE00742895 /* Mp3Recorder.m in Sources */,
				DE528E551C8037370016198C /* MyViewController.m in Sources */,
				DE4F39261C92AA000064D610 /* MyUserInformationEditor.m in Sources */,
				DE265DE61C565C0E000DDF58 /* AppDelegate.m in Sources */,
				DEC1A9F11CA4E0230062B6AD /* baseView.m in Sources */,
				DE47DFBA1CC0C9A2004147A4 /* ZYSpreadButton.m in Sources */,
				DE47DFBB1CC0C9A2004147A4 /* ZYSpreadSubButton.m in Sources */,
				DE4F96B11C89325F00C6C640 /* MyUserManager.m in Sources */,
				DE48FC5F1C575E1900ACFE98 /* MyTableViewCell.m in Sources */,
				DEC1A9F21CA4E0230062B6AD /* touchLine.m in Sources */,
				DE7D8DDB1CDC7CDE003A6E0F /* MyCellFrame.m in Sources */,
				DE7D8DDE1CDC7DA1003A6E0F /* MyMessageButton.m in Sources */,
				DE62162D1C856D1500DBCE2A /* MyDataSourcemanager.m in Sources */,
				DE5B66401C5B3690007A7223 /* MyInputView.m in Sources */,
				DE265E201C56659B000DDF58 /* NSDate+Utils.m in Sources */,
				DE50D5801CB38A8F00372BD3 /* MyCollectionViewLayout.m in Sources */,
				DE265DE31C565C0E000DDF58 /* main.m in Sources */,
			);
			runOnlyForDeploymentPostprocessing = 0;
		};
		DE265DF31C565C0E000DDF58 /* Sources */ = {
			isa = PBXSourcesBuildPhase;
			buildActionMask = 2147483647;
			files = (
				DE265DFC1C565C0E000DDF58 /* TalkToSelfTests.m in Sources */,
			);
			runOnlyForDeploymentPostprocessing = 0;
		};
		DE265DFE1C565C0E000DDF58 /* Sources */ = {
			isa = PBXSourcesBuildPhase;
			buildActionMask = 2147483647;
			files = (
				DE265E071C565C0E000DDF58 /* TalkToSelfUITests.m in Sources */,
			);
			runOnlyForDeploymentPostprocessing = 0;
		};
/* End PBXSourcesBuildPhase section */

/* Begin PBXTargetDependency section */
		DE265DF91C565C0E000DDF58 /* PBXTargetDependency */ = {
			isa = PBXTargetDependency;
			target = DE265DDD1C565C0E000DDF58 /* TalkToSelf */;
			targetProxy = DE265DF81C565C0E000DDF58 /* PBXContainerItemProxy */;
		};
		DE265E041C565C0E000DDF58 /* PBXTargetDependency */ = {
			isa = PBXTargetDependency;
			target = DE265DDD1C565C0E000DDF58 /* TalkToSelf */;
			targetProxy = DE265E031C565C0E000DDF58 /* PBXContainerItemProxy */;
		};
/* End PBXTargetDependency section */

/* Begin PBXVariantGroup section */
		DE265DEA1C565C0E000DDF58 /* Main.storyboard */ = {
			isa = PBXVariantGroup;
			children = (
				DE35B01B1CF171A1008AC9CE /* zh-Hans */,
				DE35B01E1CF175DC008AC9CE /* en */,
			);
			name = Main.storyboard;
			sourceTree = "<group>";
		};
		DE265DEF1C565C0E000DDF58 /* LaunchScreen.storyboard */ = {
			isa = PBXVariantGroup;
			children = (
				DE265DF01C565C0E000DDF58 /* Base */,
			);
			name = LaunchScreen.storyboard;
			sourceTree = "<group>";
		};
/* End PBXVariantGroup section */

/* Begin XCBuildConfiguration section */
		DE265E091C565C0E000DDF58 /* Debug */ = {
			isa = XCBuildConfiguration;
			buildSettings = {
				ALWAYS_SEARCH_USER_PATHS = NO;
				CLANG_CXX_LANGUAGE_STANDARD = "gnu++0x";
				CLANG_CXX_LIBRARY = "libc++";
				CLANG_ENABLE_MODULES = YES;
				CLANG_ENABLE_OBJC_ARC = YES;
				CLANG_WARN_BOOL_CONVERSION = YES;
				CLANG_WARN_CONSTANT_CONVERSION = YES;
				CLANG_WARN_DIRECT_OBJC_ISA_USAGE = YES_ERROR;
				CLANG_WARN_EMPTY_BODY = YES;
				CLANG_WARN_ENUM_CONVERSION = YES;
				CLANG_WARN_INT_CONVERSION = YES;
				CLANG_WARN_OBJC_ROOT_CLASS = YES_ERROR;
				CLANG_WARN_UNREACHABLE_CODE = YES;
				CLANG_WARN__DUPLICATE_METHOD_MATCH = YES;
				"CODE_SIGN_IDENTITY[sdk=iphoneos*]" = "iPhone Developer";
				COPY_PHASE_STRIP = NO;
				DEBUG_INFORMATION_FORMAT = dwarf;
				ENABLE_STRICT_OBJC_MSGSEND = YES;
				ENABLE_TESTABILITY = YES;
				GCC_C_LANGUAGE_STANDARD = gnu99;
				GCC_DYNAMIC_NO_PIC = NO;
				GCC_NO_COMMON_BLOCKS = YES;
				GCC_OPTIMIZATION_LEVEL = 0;
				GCC_PREPROCESSOR_DEFINITIONS = (
					"DEBUG=1",
					"$(inherited)",
				);
				GCC_WARN_64_TO_32_BIT_CONVERSION = YES;
				GCC_WARN_ABOUT_RETURN_TYPE = YES_ERROR;
				GCC_WARN_UNDECLARED_SELECTOR = YES;
				GCC_WARN_UNINITIALIZED_AUTOS = YES_AGGRESSIVE;
				GCC_WARN_UNUSED_FUNCTION = YES;
				GCC_WARN_UNUSED_VARIABLE = YES;
				IPHONEOS_DEPLOYMENT_TARGET = 8.0;
				MTL_ENABLE_DEBUG_INFO = YES;
				ONLY_ACTIVE_ARCH = YES;
				PROVISIONING_PROFILE = "4fe39526-4697-442b-8688-5c94ad67bc1b";
				SDKROOT = iphoneos;
			};
			name = Debug;
		};
		DE265E0A1C565C0E000DDF58 /* Release */ = {
			isa = XCBuildConfiguration;
			buildSettings = {
				ALWAYS_SEARCH_USER_PATHS = NO;
				CLANG_CXX_LANGUAGE_STANDARD = "gnu++0x";
				CLANG_CXX_LIBRARY = "libc++";
				CLANG_ENABLE_MODULES = YES;
				CLANG_ENABLE_OBJC_ARC = YES;
				CLANG_WARN_BOOL_CONVERSION = YES;
				CLANG_WARN_CONSTANT_CONVERSION = YES;
				CLANG_WARN_DIRECT_OBJC_ISA_USAGE = YES_ERROR;
				CLANG_WARN_EMPTY_BODY = YES;
				CLANG_WARN_ENUM_CONVERSION = YES;
				CLANG_WARN_INT_CONVERSION = YES;
				CLANG_WARN_OBJC_ROOT_CLASS = YES_ERROR;
				CLANG_WARN_UNREACHABLE_CODE = YES;
				CLANG_WARN__DUPLICATE_METHOD_MATCH = YES;
				"CODE_SIGN_IDENTITY[sdk=iphoneos*]" = "iPhone Developer";
				COPY_PHASE_STRIP = NO;
				DEBUG_INFORMATION_FORMAT = "dwarf-with-dsym";
				ENABLE_NS_ASSERTIONS = NO;
				ENABLE_STRICT_OBJC_MSGSEND = YES;
				GCC_C_LANGUAGE_STANDARD = gnu99;
				GCC_NO_COMMON_BLOCKS = YES;
				GCC_WARN_64_TO_32_BIT_CONVERSION = YES;
				GCC_WARN_ABOUT_RETURN_TYPE = YES_ERROR;
				GCC_WARN_UNDECLARED_SELECTOR = YES;
				GCC_WARN_UNINITIALIZED_AUTOS = YES_AGGRESSIVE;
				GCC_WARN_UNUSED_FUNCTION = YES;
				GCC_WARN_UNUSED_VARIABLE = YES;
				IPHONEOS_DEPLOYMENT_TARGET = 8.0;
				MTL_ENABLE_DEBUG_INFO = NO;
				PROVISIONING_PROFILE = "2ce8dee0-aa25-416b-9a72-665fb520b3d3";
				SDKROOT = iphoneos;
				VALIDATE_PRODUCT = YES;
			};
			name = Release;
		};
		DE265E0C1C565C0E000DDF58 /* Debug */ = {
			isa = XCBuildConfiguration;
			buildSettings = {
				ASSETCATALOG_COMPILER_APPICON_NAME = AppIcon;
				CODE_SIGN_IDENTITY = "iPhone Developer";
				"CODE_SIGN_IDENTITY[sdk=iphoneos*]" = "iPhone Developer";
				EMBED_ASSET_PACKS_IN_PRODUCT_BUNDLE = YES;
				ENABLE_BITCODE = NO;
				INFOPLIST_FILE = TalkToSelf/Info.plist;
				IPHONEOS_DEPLOYMENT_TARGET = 8.0;
				LD_RUNPATH_SEARCH_PATHS = "$(inherited) @executable_path/Frameworks";
				LIBRARY_SEARCH_PATHS = (
					"$(inherited)",
					"$(PROJECT_DIR)/TalkToSelf",
				);
				PRODUCT_BUNDLE_IDENTIFIER = com.rustblogs.talkToSelf;
				PRODUCT_NAME = "$(TARGET_NAME)";
				PROVISIONING_PROFILE = "";
			};
			name = Debug;
		};
		DE265E0D1C565C0E000DDF58 /* Release */ = {
			isa = XCBuildConfiguration;
			buildSettings = {
				ASSETCATALOG_COMPILER_APPICON_NAME = AppIcon;
				CODE_SIGN_IDENTITY = "iPhone Developer";
				"CODE_SIGN_IDENTITY[sdk=iphoneos*]" = "iPhone Developer";
				EMBED_ASSET_PACKS_IN_PRODUCT_BUNDLE = YES;
				ENABLE_BITCODE = NO;
				INFOPLIST_FILE = TalkToSelf/Info.plist;
				IPHONEOS_DEPLOYMENT_TARGET = 8.0;
				LD_RUNPATH_SEARCH_PATHS = "$(inherited) @executable_path/Frameworks";
				LIBRARY_SEARCH_PATHS = (
					"$(inherited)",
					"$(PROJECT_DIR)/TalkToSelf",
				);
				PRODUCT_BUNDLE_IDENTIFIER = com.rustblogs.talkToSelf;
				PRODUCT_NAME = "$(TARGET_NAME)";
				PROVISIONING_PROFILE = "";
			};
			name = Release;
		};
		DE265E0F1C565C0E000DDF58 /* Debug */ = {
			isa = XCBuildConfiguration;
			buildSettings = {
				BUNDLE_LOADER = "$(TEST_HOST)";
				INFOPLIST_FILE = TalkToSelfTests/Info.plist;
				LD_RUNPATH_SEARCH_PATHS = "$(inherited) @executable_path/Frameworks @loader_path/Frameworks";
				PRODUCT_BUNDLE_IDENTIFIER = RUST.TalkToSelfTests;
				PRODUCT_NAME = "$(TARGET_NAME)";
				TEST_HOST = "$(BUILT_PRODUCTS_DIR)/TalkToSelf.app/TalkToSelf";
			};
			name = Debug;
		};
		DE265E101C565C0E000DDF58 /* Release */ = {
			isa = XCBuildConfiguration;
			buildSettings = {
				BUNDLE_LOADER = "$(TEST_HOST)";
				INFOPLIST_FILE = TalkToSelfTests/Info.plist;
				LD_RUNPATH_SEARCH_PATHS = "$(inherited) @executable_path/Frameworks @loader_path/Frameworks";
				PRODUCT_BUNDLE_IDENTIFIER = RUST.TalkToSelfTests;
				PRODUCT_NAME = "$(TARGET_NAME)";
				TEST_HOST = "$(BUILT_PRODUCTS_DIR)/TalkToSelf.app/TalkToSelf";
			};
			name = Release;
		};
		DE265E121C565C0E000DDF58 /* Debug */ = {
			isa = XCBuildConfiguration;
			buildSettings = {
				INFOPLIST_FILE = TalkToSelfUITests/Info.plist;
				LD_RUNPATH_SEARCH_PATHS = "$(inherited) @executable_path/Frameworks @loader_path/Frameworks";
				PRODUCT_BUNDLE_IDENTIFIER = RUST.TalkToSelfUITests;
				PRODUCT_NAME = "$(TARGET_NAME)";
				TEST_TARGET_NAME = TalkToSelf;
				USES_XCTRUNNER = YES;
			};
			name = Debug;
		};
		DE265E131C565C0E000DDF58 /* Release */ = {
			isa = XCBuildConfiguration;
			buildSettings = {
				INFOPLIST_FILE = TalkToSelfUITests/Info.plist;
				LD_RUNPATH_SEARCH_PATHS = "$(inherited) @executable_path/Frameworks @loader_path/Frameworks";
				PRODUCT_BUNDLE_IDENTIFIER = RUST.TalkToSelfUITests;
				PRODUCT_NAME = "$(TARGET_NAME)";
				TEST_TARGET_NAME = TalkToSelf;
				USES_XCTRUNNER = YES;
			};
			name = Release;
		};
/* End XCBuildConfiguration section */

/* Begin XCConfigurationList section */
		DE265DD91C565C0E000DDF58 /* Build configuration list for PBXProject "TalkToSelf" */ = {
			isa = XCConfigurationList;
			buildConfigurations = (
				DE265E091C565C0E000DDF58 /* Debug */,
				DE265E0A1C565C0E000DDF58 /* Release */,
			);
			defaultConfigurationIsVisible = 0;
			defaultConfigurationName = Debug;
		};
		DE265E0B1C565C0E000DDF58 /* Build configuration list for PBXNativeTarget "TalkToSelf" */ = {
			isa = XCConfigurationList;
			buildConfigurations = (
				DE265E0C1C565C0E000DDF58 /* Debug */,
				DE265E0D1C565C0E000DDF58 /* Release */,
			);
			defaultConfigurationIsVisible = 0;
			defaultConfigurationName = Debug;
		};
		DE265E0E1C565C0E000DDF58 /* Build configuration list for PBXNativeTarget "TalkToSelfTests" */ = {
			isa = XCConfigurationList;
			buildConfigurations = (
				DE265E0F1C565C0E000DDF58 /* Debug */,
				DE265E101C565C0E000DDF58 /* Release */,
			);
			defaultConfigurationIsVisible = 0;
			defaultConfigurationName = Debug;
		};
		DE265E111C565C0E000DDF58 /* Build configuration list for PBXNativeTarget "TalkToSelfUITests" */ = {
			isa = XCConfigurationList;
			buildConfigurations = (
				DE265E121C565C0E000DDF58 /* Debug */,
				DE265E131C565C0E000DDF58 /* Release */,
			);
			defaultConfigurationIsVisible = 0;
			defaultConfigurationName = Debug;
		};
/* End XCConfigurationList section */
	};
	rootObject = DE265DD61C565C0E000DDF58 /* Project object */;
}
